
Microsoft Visual Studio Solution File, Format Version 12.00
# Visual Studio Version 17
VisualStudioVersion = 17.1.32414.318
MinimumVisualStudioVersion = 10.0.40219.1
Project("{2150E333-8FDC-42A3-9474-1A3956D46DE8}") = "src", "src", "{719A819A-EA98-4245-AF15-6C67418E7BE2}"
EndProject
Project("{2150E333-8FDC-42A3-9474-1A3956D46DE8}") = "demo", "demo", "{664C69F5-F80F-4B16-ADFD-C751BD185CBE}"
EndProject
Project("{2150E333-8FDC-42A3-9474-1A3956D46DE8}") = "test", "test", "{01A496EA-47C0-40FD-BB37-E085EAAF4BB5}"
EndProject
Project("{9A19103F-16F7-4668-BE54-9A1E7A4F7556}") = "NativeBuffering", "src\NativeBuffering\NativeBuffering.csproj", "{CD23D393-8865-4C4D-BD32-299DBE659627}"
EndProject
Project("{9A19103F-16F7-4668-BE54-9A1E7A4F7556}") = "NativeBuffering.Test", "test\NativeBuffering.Test\NativeBuffering.Test.csproj", "{1CCA4ED7-EE2E-42F5-9BDF-7C6F656072F0}"
EndProject
Project("{9A19103F-16F7-4668-BE54-9A1E7A4F7556}") = "NativeBuffering.Generator", "src\NativeBuffering.Generator\NativeBuffering.Generator.csproj", "{0FB015B8-FE0E-4ED3-B4DA-2D0ABDE66307}"
EndProject
Project("{9A19103F-16F7-4668-BE54-9A1E7A4F7556}") = "App", "demo\App\App.csproj", "{02F4F312-62B1-4621-9AB9-E07FFDFCEFB2}"
EndProject
Project("{9A19103F-16F7-4668-BE54-9A1E7A4F7556}") = "App2", "demo\App2\App2.csproj", "{25B33461-2E59-4082-B1DF-A98342A22A77}"
EndProject
Project("{FAE04EC0-301F-11D3-BF4B-00C04F79EFBC}") = "App3", "demo\App3\App3.csproj", "{1310BD63-416B-4176-9B2C-EB8D6663C835}"
EndProject
Global
	GlobalSection(SolutionConfigurationPlatforms) = preSolution
		Debug|Any CPU = Debug|Any CPU
		Release|Any CPU = Release|Any CPU
	EndGlobalSection
	GlobalSection(ProjectConfigurationPlatforms) = postSolution
		{CD23D393-8865-4C4D-BD32-299DBE659627}.Debug|Any CPU.ActiveCfg = Debug|Any CPU
		{CD23D393-8865-4C4D-BD32-299DBE659627}.Debug|Any CPU.Build.0 = Debug|Any CPU
		{CD23D393-8865-4C4D-BD32-299DBE659627}.Release|Any CPU.ActiveCfg = Release|Any CPU
		{CD23D393-8865-4C4D-BD32-299DBE659627}.Release|Any CPU.Build.0 = Release|Any CPU
		{1CCA4ED7-EE2E-42F5-9BDF-7C6F656072F0}.Debug|Any CPU.ActiveCfg = Debug|Any CPU
		{1CCA4ED7-EE2E-42F5-9BDF-7C6F656072F0}.Debug|Any CPU.Build.0 = Debug|Any CPU
		{1CCA4ED7-EE2E-42F5-9BDF-7C6F656072F0}.Release|Any CPU.ActiveCfg = Release|Any CPU
		{1CCA4ED7-EE2E-42F5-9BDF-7C6F656072F0}.Release|Any CPU.Build.0 = Release|Any CPU
		{0FB015B8-FE0E-4ED3-B4DA-2D0ABDE66307}.Debug|Any CPU.ActiveCfg = Debug|Any CPU
		{0FB015B8-FE0E-4ED3-B4DA-2D0ABDE66307}.Debug|Any CPU.Build.0 = Debug|Any CPU
		{0FB015B8-FE0E-4ED3-B4DA-2D0ABDE66307}.Release|Any CPU.ActiveCfg = Release|Any CPU
		{0FB015B8-FE0E-4ED3-B4DA-2D0ABDE66307}.Release|Any CPU.Build.0 = Release|Any CPU
		{02F4F312-62B1-4621-9AB9-E07FFDFCEFB2}.Debug|Any CPU.ActiveCfg = Debug|Any CPU
		{02F4F312-62B1-4621-9AB9-E07FFDFCEFB2}.Debug|Any CPU.Build.0 = Debug|Any CPU
		{02F4F312-62B1-4621-9AB9-E07FFDFCEFB2}.Release|Any CPU.ActiveCfg = Release|Any CPU
		{02F4F312-62B1-4621-9AB9-E07FFDFCEFB2}.Release|Any CPU.Build.0 = Release|Any CPU
		{25B33461-2E59-4082-B1DF-A98342A22A77}.Debug|Any CPU.ActiveCfg = Debug|Any CPU
		{25B33461-2E59-4082-B1DF-A98342A22A77}.Debug|Any CPU.Build.0 = Debug|Any CPU
		{25B33461-2E59-4082-B1DF-A98342A22A77}.Release|Any CPU.ActiveCfg = Release|Any CPU
		{25B33461-2E59-4082-B1DF-A98342A22A77}.Release|Any CPU.Build.0 = Release|Any CPU
		{1310BD63-416B-4176-9B2C-EB8D6663C835}.Debug|Any CPU.ActiveCfg = Debug|Any CPU
		{1310BD63-416B-4176-9B2C-EB8D6663C835}.Debug|Any CPU.Build.0 = Debug|Any CPU
		{1310BD63-416B-4176-9B2C-EB8D6663C835}.Release|Any CPU.ActiveCfg = Release|Any CPU
		{1310BD63-416B-4176-9B2C-EB8D6663C835}.Release|Any CPU.Build.0 = Release|Any CPU
	EndGlobalSection
	GlobalSection(SolutionProperties) = preSolution
		HideSolutionNode = FALSE
	EndGlobalSection
	GlobalSection(NestedProjects) = preSolution
		{CD23D393-8865-4C4D-BD32-299DBE659627} = {719A819A-EA98-4245-AF15-6C67418E7BE2}
		{1CCA4ED7-EE2E-42F5-9BDF-7C6F656072F0} = {01A496EA-47C0-40FD-BB37-E085EAAF4BB5}
		{0FB015B8-FE0E-4ED3-B4DA-2D0ABDE66307} = {719A819A-EA98-4245-AF15-6C67418E7BE2}
		{02F4F312-62B1-4621-9AB9-E07FFDFCEFB2} = {664C69F5-F80F-4B16-ADFD-C751BD185CBE}
		{25B33461-2E59-4082-B1DF-A98342A22A77} = {664C69F5-F80F-4B16-ADFD-C751BD185CBE}
		{1310BD63-416B-4176-9B2C-EB8D6663C835} = {664C69F5-F80F-4B16-ADFD-C751BD185CBE}
	EndGlobalSection
	GlobalSection(ExtensibilityGlobals) = postSolution
		SolutionGuid = {EFD31D86-8218-46EB-9D3C-C50BEC41FD98}
	EndGlobalSection
EndGlobal
